
Microsoft Visual Studio Solution File, Format Version 12.00
# Visual Studio Version 17
VisualStudioVersion = 17.14.36603.0 d17.14
MinimumVisualStudioVersion = 10.0.40219.1
Project("{FAE04EC0-301F-11D3-BF4B-00C04F79EFBC}") = "SalesTaxAssignment", "SalesTaxAssignment\SalesTaxAssignment.csproj", "{B715F6CD-DC76-4349-BF77-AA0BFDD00D91}"
EndProject
Global
	GlobalSection(SolutionConfigurationPlatforms) = preSolution
		Debug|Any CPU = Debug|Any CPU
		Release|Any CPU = Release|Any CPU
	EndGlobalSection
	GlobalSection(ProjectConfigurationPlatforms) = postSolution
		{B715F6CD-DC76-4349-BF77-AA0BFDD00D91}.Debug|Any CPU.ActiveCfg = Debug|Any CPU
		{B715F6CD-DC76-4349-BF77-AA0BFDD00D91}.Debug|Any CPU.Build.0 = Debug|Any CPU
		{B715F6CD-DC76-4349-BF77-AA0BFDD00D91}.Release|Any CPU.ActiveCfg = Release|Any CPU
		{B715F6CD-DC76-4349-BF77-AA0BFDD00D91}.Release|Any CPU.Build.0 = Release|Any CPU
	EndGlobalSection
	GlobalSection(SolutionProperties) = preSolution
		HideSolutionNode = FALSE
	EndGlobalSection
	GlobalSection(ExtensibilityGlobals) = postSolution
		SolutionGuid = {3514C07F-7AFB-4224-992E-DDE3DC23DE83}
	EndGlobalSection
EndGlobal
